
Microsoft Visual Studio Solution File, Format Version 12.00
# Visual Studio Version 17
VisualStudioVersion = 17.14.36518.9
MinimumVisualStudioVersion = 10.0.40219.1
Project("{FAE04EC0-301F-11D3-BF4B-00C04F79EFBC}") = "Better Pot & Pumpkin Fusion", "Better Fusion Cassidy\Better Pot & Pumpkin Fusion.csproj", "{2B8D99A2-DE1E-4239-9FFF-D8C2C6B99683}"
EndProject
Project("{FAE04EC0-301F-11D3-BF4B-00C04F79EFBC}") = "Better Pot & Pumpkin Fusion (BepInEx)", "Better Pot & Pumpkin Fusion (BepInEx)\Better Pot & Pumpkin Fusion (BepInEx).csproj", "{53F77E7C-2758-869A-77B4-38AC0512354A}"
EndProject
Global
	GlobalSection(SolutionConfigurationPlatforms) = preSolution
		Debug|Any CPU = Debug|Any CPU
		Release|Any CPU = Release|Any CPU
	EndGlobalSection
	GlobalSection(ProjectConfigurationPlatforms) = postSolution
		{2B8D99A2-DE1E-4239-9FFF-D8C2C6B99683}.Debug|Any CPU.ActiveCfg = Debug|Any CPU
		{2B8D99A2-DE1E-4239-9FFF-D8C2C6B99683}.Debug|Any CPU.Build.0 = Debug|Any CPU
		{2B8D99A2-DE1E-4239-9FFF-D8C2C6B99683}.Release|Any CPU.ActiveCfg = Release|Any CPU
		{2B8D99A2-DE1E-4239-9FFF-D8C2C6B99683}.Release|Any CPU.Build.0 = Release|Any CPU
		{53F77E7C-2758-869A-77B4-38AC0512354A}.Debug|Any CPU.ActiveCfg = Debug|Any CPU
		{53F77E7C-2758-869A-77B4-38AC0512354A}.Debug|Any CPU.Build.0 = Debug|Any CPU
		{53F77E7C-2758-869A-77B4-38AC0512354A}.Release|Any CPU.ActiveCfg = Release|Any CPU
		{53F77E7C-2758-869A-77B4-38AC0512354A}.Release|Any CPU.Build.0 = Release|Any CPU
	EndGlobalSection
	GlobalSection(SolutionProperties) = preSolution
		HideSolutionNode = FALSE
	EndGlobalSection
	GlobalSection(ExtensibilityGlobals) = postSolution
		SolutionGuid = {2DD70734-C5D7-415C-ACE1-7EEAA97906DF}
	EndGlobalSection
EndGlobal
